{
  "requires": true,
  "lockfileVersion": 1,
  "dependencies": {
    "react-data-grid": {
      "version": "4.0.9",
      "resolved": "https://registry.npmjs.org/react-data-grid/-/react-data-grid-4.0.9.tgz",
      "integrity": "sha512-OEzsGRlLPzxfw2XiFNPmfOPZSAfGHqOQcN4GkDJDVfDtUcsgrvUhV9uKQGyGfehswvwEEuDhN3K1Ob7Vrquj5Q=="
    }
  }
}
